
Microsoft Visual Studio Solution File, Format Version 12.00
# Visual Studio Version 16
VisualStudioVersion = 16.0.30413.136
MinimumVisualStudioVersion = 10.0.40219.1
Project("{2150E333-8FDC-42A3-9474-1A3956D46DE8}") = "Components", "Components", "{476D56F9-F049-43FD-AACE-4C49C3B14D29}"
EndProject
Project("{2150E333-8FDC-42A3-9474-1A3956D46DE8}") = "Security", "Security", "{1D4C1BF0-1F3F-493F-A038-A5C51E169152}"
EndProject
Project("{2150E333-8FDC-42A3-9474-1A3956D46DE8}") = "Common", "Common", "{7894FF11-3D47-4803-9C8C-50498CB1CD2A}"
EndProject
Project("{2150E333-8FDC-42A3-9474-1A3956D46DE8}") = "Schedule", "Schedule", "{FFD06096-EF0F-47A1-A5ED-085B0137F5E6}"
EndProject
Project("{2150E333-8FDC-42A3-9474-1A3956D46DE8}") = "Service", "Service", "{A71EE4F5-5A83-4D4C-95D4-375359D8FD9B}"
EndProject
Project("{FAE04EC0-301F-11D3-BF4B-00C04F79EFBC}") = "SALUS.REGCOVID.Common.BE", "COMPONENTS\Common\SALUS.REGCOVID.Common.BE\SALUS.REGCOVID.Common.BE.csproj", "{8F96FF03-14D0-4CBD-B288-70A44CB80088}"
EndProject
Project("{FAE04EC0-301F-11D3-BF4B-00C04F79EFBC}") = "SALUS.REGCOVID.Common.BL", "COMPONENTS\Common\SALUS.REGCOVID.Common.BL\SALUS.REGCOVID.Common.BL.csproj", "{78116F37-38DD-4D4A-A164-A07C6DFE51AD}"
EndProject
Project("{FAE04EC0-301F-11D3-BF4B-00C04F79EFBC}") = "SALUS.REGCOVID.Common.DA", "COMPONENTS\Common\SALUS.REGCOVID.Common.DA\SALUS.REGCOVID.Common.DA.csproj", "{18D262AB-BFC9-4820-AF5A-6F3D7CE40FF5}"
EndProject
Project("{FAE04EC0-301F-11D3-BF4B-00C04F79EFBC}") = "SALUS.REGCOVID.Common.Resource", "COMPONENTS\Common\SALUS.REGCOVID.Common.Resource\SALUS.REGCOVID.Common.Resource.csproj", "{66301AD6-F8C3-4FAB-8101-FDFF1364F6D5}"
EndProject
Project("{FAE04EC0-301F-11D3-BF4B-00C04F79EFBC}") = "SALUS.REGCOVID.Common.Resource.HelperDb", "COMPONENTS\Common\SALUS.REGCOVID.Common.Resource.HelperDb\SALUS.REGCOVID.Common.Resource.HelperDb.csproj", "{D63E5540-455C-4C75-AC26-1AFD3AEB0592}"
EndProject
Project("{FAE04EC0-301F-11D3-BF4B-00C04F79EFBC}") = "SALUS.REGCOVID.Common.Resource.Utilities", "COMPONENTS\Common\SALUS.REGCOVID.Common.Resource.Utilities\SALUS.REGCOVID.Common.Resource.Utilities.csproj", "{DD34B922-0DC1-4DD5-B727-C401D5D7F0BA}"
EndProject
Project("{FAE04EC0-301F-11D3-BF4B-00C04F79EFBC}") = "SALUS.REGCOVID.Security.BL", "COMPONENTS\Security\SALUS.REGCOVID.Security.BL\SALUS.REGCOVID.Security.BL.csproj", "{2A4D21F1-A5F8-4DD2-B151-7CFB5F0F6650}"
EndProject
Project("{FAE04EC0-301F-11D3-BF4B-00C04F79EFBC}") = "SALUS.REGCOVID.Security.DA", "COMPONENTS\Security\SALUS.REGCOVID.Security.DA\SALUS.REGCOVID.Security.DA.csproj", "{1DB96C8B-E540-4335-BDFE-EC4369ABBD96}"
EndProject
Project("{2150E333-8FDC-42A3-9474-1A3956D46DE8}") = "Api", "Api", "{37F3B4A2-C2F1-45BC-AF27-788CDEB24F74}"
EndProject
Project("{FAE04EC0-301F-11D3-BF4B-00C04F79EFBC}") = "SALUS.REGCOVID.API", "API\SALUS.REGCOVID.API\SALUS.REGCOVID.API.csproj", "{9CB27B78-9191-462B-9337-604FCCC36D65}"
EndProject
Project("{FAE04EC0-301F-11D3-BF4B-00C04F79EFBC}") = "SALUS.REGCOVID.Schedule.BL", "COMPONENTS\Schedule\SALUS.REGCOVID.Schedule.BL\SALUS.REGCOVID.Schedule.BL.csproj", "{82A08632-0DAA-4C23-9F0D-E917D0B91877}"
EndProject
Project("{FAE04EC0-301F-11D3-BF4B-00C04F79EFBC}") = "SALUS.REGCOVID.Schedule.DA", "COMPONENTS\Schedule\SALUS.REGCOVID.Schedule.DA\SALUS.REGCOVID.Schedule.DA.csproj", "{E09F272A-5215-4659-B073-1B13B5F62523}"
EndProject
Project("{FAE04EC0-301F-11D3-BF4B-00C04F79EFBC}") = "SALUS.REGCOVID.Service.BL", "COMPONENTS\Service\SALUS.REGCOVID.Service.BL\SALUS.REGCOVID.Service.BL.csproj", "{330E6F24-72EE-4747-AA03-7D29C8521312}"
EndProject
Project("{FAE04EC0-301F-11D3-BF4B-00C04F79EFBC}") = "SALUS.REGCOVID.Service.DA", "COMPONENTS\Service\SALUS.REGCOVID.Service.DA\SALUS.REGCOVID.Service.DA.csproj", "{0712A90C-D448-4F8E-BCC9-19E3014B9AE1}"
EndProject
Project("{2150E333-8FDC-42A3-9474-1A3956D46DE8}") = "Exam", "Exam", "{8D8E66E1-96B9-4B13-8B07-C19FB40DBE89}"
EndProject
Project("{FAE04EC0-301F-11D3-BF4B-00C04F79EFBC}") = "SALUS.REGCOVID.Exam.BL", "COMPONENTS\Exam\SALUS.REGCOVID.Exam.BL\SALUS.REGCOVID.Exam.BL.csproj", "{FA70F2B8-AE85-4272-8897-809E1A1C55EE}"
EndProject
Project("{FAE04EC0-301F-11D3-BF4B-00C04F79EFBC}") = "SALUS.REGCOVID.Exam.DA", "COMPONENTS\Exam\SALUS.REGCOVID.Exam.DA\SALUS.REGCOVID.Exam.DA.csproj", "{2F402D37-F943-4C38-B50D-8753A84EF06E}"
EndProject
Global
	GlobalSection(SolutionConfigurationPlatforms) = preSolution
		Debug|Any CPU = Debug|Any CPU
		Release|Any CPU = Release|Any CPU
	EndGlobalSection
	GlobalSection(ProjectConfigurationPlatforms) = postSolution
		{8F96FF03-14D0-4CBD-B288-70A44CB80088}.Debug|Any CPU.ActiveCfg = Debug|Any CPU
		{8F96FF03-14D0-4CBD-B288-70A44CB80088}.Debug|Any CPU.Build.0 = Debug|Any CPU
		{8F96FF03-14D0-4CBD-B288-70A44CB80088}.Release|Any CPU.ActiveCfg = Release|Any CPU
		{8F96FF03-14D0-4CBD-B288-70A44CB80088}.Release|Any CPU.Build.0 = Release|Any CPU
		{78116F37-38DD-4D4A-A164-A07C6DFE51AD}.Debug|Any CPU.ActiveCfg = Debug|Any CPU
		{78116F37-38DD-4D4A-A164-A07C6DFE51AD}.Debug|Any CPU.Build.0 = Debug|Any CPU
		{78116F37-38DD-4D4A-A164-A07C6DFE51AD}.Release|Any CPU.ActiveCfg = Release|Any CPU
		{78116F37-38DD-4D4A-A164-A07C6DFE51AD}.Release|Any CPU.Build.0 = Release|Any CPU
		{18D262AB-BFC9-4820-AF5A-6F3D7CE40FF5}.Debug|Any CPU.ActiveCfg = Debug|Any CPU
		{18D262AB-BFC9-4820-AF5A-6F3D7CE40FF5}.Debug|Any CPU.Build.0 = Debug|Any CPU
		{18D262AB-BFC9-4820-AF5A-6F3D7CE40FF5}.Release|Any CPU.ActiveCfg = Release|Any CPU
		{18D262AB-BFC9-4820-AF5A-6F3D7CE40FF5}.Release|Any CPU.Build.0 = Release|Any CPU
		{66301AD6-F8C3-4FAB-8101-FDFF1364F6D5}.Debug|Any CPU.ActiveCfg = Debug|Any CPU
		{66301AD6-F8C3-4FAB-8101-FDFF1364F6D5}.Debug|Any CPU.Build.0 = Debug|Any CPU
		{66301AD6-F8C3-4FAB-8101-FDFF1364F6D5}.Release|Any CPU.ActiveCfg = Release|Any CPU
		{66301AD6-F8C3-4FAB-8101-FDFF1364F6D5}.Release|Any CPU.Build.0 = Release|Any CPU
		{D63E5540-455C-4C75-AC26-1AFD3AEB0592}.Debug|Any CPU.ActiveCfg = Debug|Any CPU
		{D63E5540-455C-4C75-AC26-1AFD3AEB0592}.Debug|Any CPU.Build.0 = Debug|Any CPU
		{D63E5540-455C-4C75-AC26-1AFD3AEB0592}.Release|Any CPU.ActiveCfg = Release|Any CPU
		{D63E5540-455C-4C75-AC26-1AFD3AEB0592}.Release|Any CPU.Build.0 = Release|Any CPU
		{DD34B922-0DC1-4DD5-B727-C401D5D7F0BA}.Debug|Any CPU.ActiveCfg = Debug|Any CPU
		{DD34B922-0DC1-4DD5-B727-C401D5D7F0BA}.Debug|Any CPU.Build.0 = Debug|Any CPU
		{DD34B922-0DC1-4DD5-B727-C401D5D7F0BA}.Release|Any CPU.ActiveCfg = Release|Any CPU
		{DD34B922-0DC1-4DD5-B727-C401D5D7F0BA}.Release|Any CPU.Build.0 = Release|Any CPU
		{2A4D21F1-A5F8-4DD2-B151-7CFB5F0F6650}.Debug|Any CPU.ActiveCfg = Debug|Any CPU
		{2A4D21F1-A5F8-4DD2-B151-7CFB5F0F6650}.Debug|Any CPU.Build.0 = Debug|Any CPU
		{2A4D21F1-A5F8-4DD2-B151-7CFB5F0F6650}.Release|Any CPU.ActiveCfg = Release|Any CPU
		{2A4D21F1-A5F8-4DD2-B151-7CFB5F0F6650}.Release|Any CPU.Build.0 = Release|Any CPU
		{1DB96C8B-E540-4335-BDFE-EC4369ABBD96}.Debug|Any CPU.ActiveCfg = Debug|Any CPU
		{1DB96C8B-E540-4335-BDFE-EC4369ABBD96}.Debug|Any CPU.Build.0 = Debug|Any CPU
		{1DB96C8B-E540-4335-BDFE-EC4369ABBD96}.Release|Any CPU.ActiveCfg = Release|Any CPU
		{1DB96C8B-E540-4335-BDFE-EC4369ABBD96}.Release|Any CPU.Build.0 = Release|Any CPU
		{9CB27B78-9191-462B-9337-604FCCC36D65}.Debug|Any CPU.ActiveCfg = Debug|Any CPU
		{9CB27B78-9191-462B-9337-604FCCC36D65}.Debug|Any CPU.Build.0 = Debug|Any CPU
		{9CB27B78-9191-462B-9337-604FCCC36D65}.Release|Any CPU.ActiveCfg = Release|Any CPU
		{9CB27B78-9191-462B-9337-604FCCC36D65}.Release|Any CPU.Build.0 = Release|Any CPU
		{82A08632-0DAA-4C23-9F0D-E917D0B91877}.Debug|Any CPU.ActiveCfg = Debug|Any CPU
		{82A08632-0DAA-4C23-9F0D-E917D0B91877}.Debug|Any CPU.Build.0 = Debug|Any CPU
		{82A08632-0DAA-4C23-9F0D-E917D0B91877}.Release|Any CPU.ActiveCfg = Release|Any CPU
		{82A08632-0DAA-4C23-9F0D-E917D0B91877}.Release|Any CPU.Build.0 = Release|Any CPU
		{E09F272A-5215-4659-B073-1B13B5F62523}.Debug|Any CPU.ActiveCfg = Debug|Any CPU
		{E09F272A-5215-4659-B073-1B13B5F62523}.Debug|Any CPU.Build.0 = Debug|Any CPU
		{E09F272A-5215-4659-B073-1B13B5F62523}.Release|Any CPU.ActiveCfg = Release|Any CPU
		{E09F272A-5215-4659-B073-1B13B5F62523}.Release|Any CPU.Build.0 = Release|Any CPU
		{330E6F24-72EE-4747-AA03-7D29C8521312}.Debug|Any CPU.ActiveCfg = Debug|Any CPU
		{330E6F24-72EE-4747-AA03-7D29C8521312}.Debug|Any CPU.Build.0 = Debug|Any CPU
		{330E6F24-72EE-4747-AA03-7D29C8521312}.Release|Any CPU.ActiveCfg = Release|Any CPU
		{330E6F24-72EE-4747-AA03-7D29C8521312}.Release|Any CPU.Build.0 = Release|Any CPU
		{0712A90C-D448-4F8E-BCC9-19E3014B9AE1}.Debug|Any CPU.ActiveCfg = Debug|Any CPU
		{0712A90C-D448-4F8E-BCC9-19E3014B9AE1}.Debug|Any CPU.Build.0 = Debug|Any CPU
		{0712A90C-D448-4F8E-BCC9-19E3014B9AE1}.Release|Any CPU.ActiveCfg = Release|Any CPU
		{0712A90C-D448-4F8E-BCC9-19E3014B9AE1}.Release|Any CPU.Build.0 = Release|Any CPU
		{FA70F2B8-AE85-4272-8897-809E1A1C55EE}.Debug|Any CPU.ActiveCfg = Debug|Any CPU
		{FA70F2B8-AE85-4272-8897-809E1A1C55EE}.Debug|Any CPU.Build.0 = Debug|Any CPU
		{FA70F2B8-AE85-4272-8897-809E1A1C55EE}.Release|Any CPU.ActiveCfg = Release|Any CPU
		{FA70F2B8-AE85-4272-8897-809E1A1C55EE}.Release|Any CPU.Build.0 = Release|Any CPU
		{2F402D37-F943-4C38-B50D-8753A84EF06E}.Debug|Any CPU.ActiveCfg = Debug|Any CPU
		{2F402D37-F943-4C38-B50D-8753A84EF06E}.Debug|Any CPU.Build.0 = Debug|Any CPU
		{2F402D37-F943-4C38-B50D-8753A84EF06E}.Release|Any CPU.ActiveCfg = Release|Any CPU
		{2F402D37-F943-4C38-B50D-8753A84EF06E}.Release|Any CPU.Build.0 = Release|Any CPU
	EndGlobalSection
	GlobalSection(SolutionProperties) = preSolution
		HideSolutionNode = FALSE
	EndGlobalSection
	GlobalSection(NestedProjects) = preSolution
		{1D4C1BF0-1F3F-493F-A038-A5C51E169152} = {476D56F9-F049-43FD-AACE-4C49C3B14D29}
		{7894FF11-3D47-4803-9C8C-50498CB1CD2A} = {476D56F9-F049-43FD-AACE-4C49C3B14D29}
		{FFD06096-EF0F-47A1-A5ED-085B0137F5E6} = {476D56F9-F049-43FD-AACE-4C49C3B14D29}
		{A71EE4F5-5A83-4D4C-95D4-375359D8FD9B} = {476D56F9-F049-43FD-AACE-4C49C3B14D29}
		{8F96FF03-14D0-4CBD-B288-70A44CB80088} = {7894FF11-3D47-4803-9C8C-50498CB1CD2A}
		{78116F37-38DD-4D4A-A164-A07C6DFE51AD} = {7894FF11-3D47-4803-9C8C-50498CB1CD2A}
		{18D262AB-BFC9-4820-AF5A-6F3D7CE40FF5} = {7894FF11-3D47-4803-9C8C-50498CB1CD2A}
		{66301AD6-F8C3-4FAB-8101-FDFF1364F6D5} = {7894FF11-3D47-4803-9C8C-50498CB1CD2A}
		{D63E5540-455C-4C75-AC26-1AFD3AEB0592} = {7894FF11-3D47-4803-9C8C-50498CB1CD2A}
		{DD34B922-0DC1-4DD5-B727-C401D5D7F0BA} = {7894FF11-3D47-4803-9C8C-50498CB1CD2A}
		{2A4D21F1-A5F8-4DD2-B151-7CFB5F0F6650} = {1D4C1BF0-1F3F-493F-A038-A5C51E169152}
		{1DB96C8B-E540-4335-BDFE-EC4369ABBD96} = {1D4C1BF0-1F3F-493F-A038-A5C51E169152}
		{9CB27B78-9191-462B-9337-604FCCC36D65} = {37F3B4A2-C2F1-45BC-AF27-788CDEB24F74}
		{82A08632-0DAA-4C23-9F0D-E917D0B91877} = {FFD06096-EF0F-47A1-A5ED-085B0137F5E6}
		{E09F272A-5215-4659-B073-1B13B5F62523} = {FFD06096-EF0F-47A1-A5ED-085B0137F5E6}
		{330E6F24-72EE-4747-AA03-7D29C8521312} = {A71EE4F5-5A83-4D4C-95D4-375359D8FD9B}
		{0712A90C-D448-4F8E-BCC9-19E3014B9AE1} = {A71EE4F5-5A83-4D4C-95D4-375359D8FD9B}
		{8D8E66E1-96B9-4B13-8B07-C19FB40DBE89} = {476D56F9-F049-43FD-AACE-4C49C3B14D29}
		{FA70F2B8-AE85-4272-8897-809E1A1C55EE} = {8D8E66E1-96B9-4B13-8B07-C19FB40DBE89}
		{2F402D37-F943-4C38-B50D-8753A84EF06E} = {8D8E66E1-96B9-4B13-8B07-C19FB40DBE89}
	EndGlobalSection
	GlobalSection(ExtensibilityGlobals) = postSolution
		SolutionGuid = {664B8AC7-0262-4179-B7DB-5A210A6BAB04}
	EndGlobalSection
EndGlobal
